PODS:
  - Alamofire (4.8.1)
  - AlamofireImage (3.5.0):
    - Alamofire (~> 4.8)
  - Argo (4.1.2):
    - Runes (>= 4.0.0)
  - Curry (4.0.0)
  - MBProgressHUD (1.1.0)
  - PKHUD (5.2.1)
  - QuickLayout (2.1.1)
  - Runes (4.1.0)
  - SideMenu (5.0.3)
  - SwiftEntryKit (0.8.8):
    - QuickLayout (= 2.1.1)
  - SwiftyJSON (4.2.0)

DEPENDENCIES:
  - Alamofire
  - AlamofireImage
  - Argo
  - Curry
  - MBProgressHUD
  - PKHUD
  - SideMenu
  - SwiftEntryKit
  - SwiftyJSON

SPEC REPOS:
  https://github.com/cocoapods/specs.git:
    - Alamofire
    - AlamofireImage
    - Argo
    - Curry
    - MBProgressHUD
    - PKHUD
    - QuickLayout
    - Runes
    - SideMenu
    - SwiftEntryKit
    - SwiftyJSON

SPEC CHECKSUMS:
  Alamofire: 16ce2c353fb72865124ddae8a57c5942388f4f11
  AlamofireImage: 1aea346f4dda2f6c67622fa5a89fcbb80d79cc16
  Argo: 5db06502fc1222d83011f574243089dab25202ff
  Curry: 887c0b9de9a9947820a59557459c7895e76d7b90
  MBProgressHUD: e7baa36a220447d8aeb12769bf0585582f3866d9
  PKHUD: 4e6162c4c39ac367c6934e9855c6b4762ee16256
  QuickLayout: 9af2b7fd89a6552828f51a5aba28d1bcdb8b340c
  Runes: 72a67a5bbbe1b5fdae08b5a01b10c60d83fc69aa
  SideMenu: 1dcaabce84538c53325c287f7fe62999379a641c
  SwiftEntryKit: c50f25a14772713ded1591c852d1c1dc74c95b9e
  SwiftyJSON: c4bcba26dd9ec7a027fc8eade48e2c911f229e96

PODFILE CHECKSUM: a4b616696053fb13016209e3d6b25310a3012ba4

COCOAPODS: 1.7.2
